
Microsoft Visual Studio Solution File, Format Version 12.00
# Visual Studio Version 16
VisualStudioVersion = 16.0.30611.23
MinimumVisualStudioVersion = 10.0.40219.1
Project("{FAE04EC0-301F-11D3-BF4B-00C04F79EFBC}") = "TEST_RELIZ", "TEST_RELIZ\TEST_RELIZ.csproj", "{129FDCE6-2551-4CE8-A1AC-7DDF212264E8}"
EndProject
Global
	GlobalSection(SolutionConfigurationPlatforms) = preSolution
		Debug|Any CPU = Debug|Any CPU
		Release|Any CPU = Release|Any CPU
	EndGlobalSection
	GlobalSection(ProjectConfigurationPlatforms) = postSolution
		{129FDCE6-2551-4CE8-A1AC-7DDF212264E8}.Debug|Any CPU.ActiveCfg = Debug|Any CPU
		{129FDCE6-2551-4CE8-A1AC-7DDF212264E8}.Debug|Any CPU.Build.0 = Debug|Any CPU
		{129FDCE6-2551-4CE8-A1AC-7DDF212264E8}.Release|Any CPU.ActiveCfg = Release|Any CPU
		{129FDCE6-2551-4CE8-A1AC-7DDF212264E8}.Release|Any CPU.Build.0 = Release|Any CPU
	EndGlobalSection
	GlobalSection(SolutionProperties) = preSolution
		HideSolutionNode = FALSE
	EndGlobalSection
	GlobalSection(ExtensibilityGlobals) = postSolution
		SolutionGuid = {15511A2B-4554-4CAD-B12A-FFD980393A58}
	EndGlobalSection
EndGlobal
